{
  "version": "3",
  "packages": {
    "specifiers": {
      "npm:@trpc/server": "npm:@trpc/server@10.45.2",
      "npm:arktype": "npm:arktype@2.0.0-dev.26",
      "npm:zod": "npm:zod@3.23.8",
      "npm:zod-to-ts": "npm:zod-to-ts@1.2.0_typescript@5.4.5_zod@3.23.8"
    },
    "npm": {
      "@arktype/schema@0.1.18": {
        "integrity": "sha512-6xMboHvnO3NtgYNP160PmghElUDpKe/aDMqH2hRRHoMb1Nh0bPilDfr9LJnXQEwfA5hDguqRM+vifOKkROtOLA==",
        "dependencies": {
          "@arktype/util": "@arktype/util@0.0.51"
        }
      },
      "@arktype/util@0.0.51": {
        "integrity": "sha512-lukmZcbSVI27ZJ4uJA7ztCKM5OligUfdTrr0E6k+F0tzz9iSEcplS0KZbVD2WfrLL3HXNKBE6g/w3nhYMAMoqw==",
        "dependencies": {}
      },
      "@trpc/server@10.45.2": {
        "integrity": "sha512-wOrSThNNE4HUnuhJG6PfDRp4L2009KDVxsd+2VYH8ro6o/7/jwYZ8Uu5j+VaW+mOmc8EHerHzGcdbGNQSAUPgg==",
        "dependencies": {}
      },
      "arktype@2.0.0-dev.26": {
        "integrity": "sha512-L7JkKHPkvEoDRKhtXyrCQcHast2oXFo7sOX1SZ3GSbIFJcEnTRRW12lFvH8M4fFR589CaOE9LleHMg9jZFR2TA==",
        "dependencies": {
          "@arktype/schema": "@arktype/schema@0.1.18",
          "@arktype/util": "@arktype/util@0.0.51"
        }
      },
      "typescript@5.4.5": {
        "integrity": "sha512-vcI4UpRgg81oIRUFwR0WSIHKt11nJ7SAVlYNIu+QpqeyXP+gpQJy/Z4+F0aGxSE4MqwjyXvW/TzgkLAx2AGHwQ==",
        "dependencies": {}
      },
      "zod-to-ts@1.2.0_typescript@5.4.5_zod@3.23.8": {
        "integrity": "sha512-x30XE43V+InwGpvTySRNz9kB7qFU8DlyEy7BsSTCHPH1R0QasMmHWZDCzYm6bVXtj/9NNJAZF3jW8rzFvH5OFA==",
        "dependencies": {
          "typescript": "typescript@5.4.5",
          "zod": "zod@3.23.8"
        }
      },
      "zod@3.23.8": {
        "integrity": "sha512-XBx9AXhXktjUqnepgTiE5flcKIYWi/rme0Eaj+5Y0lftuGBq+jyRu/md4WnuxqgP1ubdpNCsYEYPxrzVHD8d6g==",
        "dependencies": {}
      }
    }
  },
  "remote": {
    "https://esm.sh/@trpc/client@10.38.0": "99098f4485bef76ae5e421db7f8fc8a4f2eabd1f91530116c72bd58fb0ab63ca",
    "https://esm.sh/@trpc/server@10.38.0": "0c4203ad9499eb3543940f143e905f72a86d1a90f217ac2440147433e739ba95",
    "https://esm.sh/@trpc/server@10.38.0/adapters/fetch": "eb0bd9516004b42eff8a3d119acc4dbcc444682bf269a95056dfe18ca099282e",
    "https://esm.sh/arktype@2.0.0-dev.26": "4a553b0b7cafe7b4c86b11c8ca2d56720832d552c1632031705bb299f491798c",
    "https://esm.sh/v135/@arktype/schema@0.1.18/denonext/config.js": "42aa6cbf35e3aa9f57884f57cdb4e4784df8af381a3cb21ffa38e6d1dc27f3b2",
    "https://esm.sh/v135/@arktype/schema@0.1.18/denonext/internal/ast.js": "37382222c8b707175c35b1ccab9dc4772e0470d1658ebe381fb0aec4c6aef1d9",
    "https://esm.sh/v135/@arktype/schema@0.1.18/denonext/internal/constraint.js": "014cd2593656da14877b98d293a0772403dd6230ed4416fa20d2fbb55fdc1ded",
    "https://esm.sh/v135/@arktype/schema@0.1.18/denonext/internal/generic.js": "90895a91d1c6ce420e40618c8db4548c13cc3a3b4be724780b6016e79eac6a2a",
    "https://esm.sh/v135/@arktype/schema@0.1.18/denonext/internal/inference.js": "ebfaa57477290be7d41d426feaf62001fcf24c4005cfe078a3ef4057cd6f54ce",
    "https://esm.sh/v135/@arktype/schema@0.1.18/denonext/internal/keywords/format.js": "333288e273a71eb327d5fa88d2646c5eafb2513696cceda2a5cfcdc571c11614",
    "https://esm.sh/v135/@arktype/schema@0.1.18/denonext/internal/keywords/internal.js": "b2077b3258f752d82834f4f30cb213c55491be7289e1aa37c9b100f5e8322bc9",
    "https://esm.sh/v135/@arktype/schema@0.1.18/denonext/internal/keywords/jsObjects.js": "42e3d299f662d15047972fa0d379f7815e27682a6be0d8a597ae665771b67d98",
    "https://esm.sh/v135/@arktype/schema@0.1.18/denonext/internal/keywords/keywords.js": "820ea773b389b6eb39677d936e8685545d04a390553682715043047d04f8b4c8",
    "https://esm.sh/v135/@arktype/schema@0.1.18/denonext/internal/keywords/parsing.js": "a9eaff9dc3646fe573001ca0bf12ab5f8ef0f1993ba47338e5c7eee38a749b6e",
    "https://esm.sh/v135/@arktype/schema@0.1.18/denonext/internal/keywords/tsKeywords.js": "c3ac357efdc8e4e2a80d6dff233ec53dfadf092a84803119034d33300e807a2d",
    "https://esm.sh/v135/@arktype/schema@0.1.18/denonext/internal/keywords/utils/creditCard.js": "e0375618274a5ec38093fc8ac723e4ad55dda06fbc25434a119e64e7bddf9da5",
    "https://esm.sh/v135/@arktype/schema@0.1.18/denonext/internal/keywords/utils/date.js": "f4376e341470d0da0975100df6f388017b360a780faf60d705e8de50630bbf29",
    "https://esm.sh/v135/@arktype/schema@0.1.18/denonext/internal/keywords/utils/ip.js": "29babb21cbb6b93fd40b626a7d4fbc9429874ef8affc6b2f168fb9300ca02bdb",
    "https://esm.sh/v135/@arktype/schema@0.1.18/denonext/internal/keywords/utils/regex.js": "5592f018397f91b7a5cd069510ede5502cc4e479417cd5f460b38c52734fba44",
    "https://esm.sh/v135/@arktype/schema@0.1.18/denonext/internal/keywords/validation.js": "03573b5769d82c123b1bb5fd5324182b74191018a70686d6437117b8b8229825",
    "https://esm.sh/v135/@arktype/schema@0.1.18/denonext/internal/kinds.js": "2da79f8a78e2eeac756b470b0dba792a6c8bb246730073aa7b92ee1342086a7a",
    "https://esm.sh/v135/@arktype/schema@0.1.18/denonext/internal/module.js": "6b1c8ca38e85279903ae8c9f3bc15c7e72e68e883be53c02f91df7753c226aeb",
    "https://esm.sh/v135/@arktype/schema@0.1.18/denonext/internal/node.js": "908a757fa3f7eac02c3b112d61e3ca81381a3b70e8f17cd207a66f2d3a5d4b16",
    "https://esm.sh/v135/@arktype/schema@0.1.18/denonext/internal/parse.js": "f4a3ce2007423b7e3041312aea1c96ea0d83cdc7fa6147eea6d3965381975016",
    "https://esm.sh/v135/@arktype/schema@0.1.18/denonext/internal/predicate.js": "d1139033ada80733e4de8554cae8ebba20a0b55e0ac5b68caeb360cabcdcfea5",
    "https://esm.sh/v135/@arktype/schema@0.1.18/denonext/internal/refinements/after.js": "a143436d8d53752aaeb0144dda9513feedbb3d1312fbf1146919c4271a6fc37a",
    "https://esm.sh/v135/@arktype/schema@0.1.18/denonext/internal/refinements/before.js": "628845843a239bb20e1f2cd3d28146025c1836a1ad6c188fac1ee0f77d7cae45",
    "https://esm.sh/v135/@arktype/schema@0.1.18/denonext/internal/refinements/divisor.js": "c7fe7ecb6f8370ed0f9127697eec79bdf20fb36fd9c1cd5f6c3bfe40cc565a8f",
    "https://esm.sh/v135/@arktype/schema@0.1.18/denonext/internal/refinements/exactLength.js": "45971b95932a0d293cbead37ecd3a6ce8d7a945542378db705620c612f8755c5",
    "https://esm.sh/v135/@arktype/schema@0.1.18/denonext/internal/refinements/kinds.js": "5dade76eb8a4e91c957207b3eca985a6f82bceba0743971e02cdc13e36ed4070",
    "https://esm.sh/v135/@arktype/schema@0.1.18/denonext/internal/refinements/max.js": "aec735768f5c54ef9fe92f6c106eadcfaa42f7cde8e8ce72c9661eae2caf155d",
    "https://esm.sh/v135/@arktype/schema@0.1.18/denonext/internal/refinements/maxLength.js": "0451f705fa7dc72f1c36a7c228f2cd681820ea916ef1082048ba462999b416ba",
    "https://esm.sh/v135/@arktype/schema@0.1.18/denonext/internal/refinements/min.js": "56a82050829ac73b6cf981df540fa0cb6178442edde6e353e9ff365cca35b305",
    "https://esm.sh/v135/@arktype/schema@0.1.18/denonext/internal/refinements/minLength.js": "4289948813237b2c064d6e54e699c855f3244df0354811313d1bab539251c0be",
    "https://esm.sh/v135/@arktype/schema@0.1.18/denonext/internal/refinements/pattern.js": "4736add59e792faad8ba1fc93e1b7468ec9ab2d83a89ca658a9c307c9cdaf106",
    "https://esm.sh/v135/@arktype/schema@0.1.18/denonext/internal/refinements/range.js": "d58563d8ce0e25b25b8ea3b22593926cf9ee37b54611ddd083236dbafe2aa98b",
    "https://esm.sh/v135/@arktype/schema@0.1.18/denonext/internal/roots/alias.js": "64a90825f98cab121161dd6e5c3ce10d162ab2e985b3e01288ba7ae4957288c2",
    "https://esm.sh/v135/@arktype/schema@0.1.18/denonext/internal/roots/basis.js": "cb2b6569a26a20dfdfeab9d23c224e0012161e8392e978ca756747b23471be01",
    "https://esm.sh/v135/@arktype/schema@0.1.18/denonext/internal/roots/domain.js": "892347ecab88d094841d97f37a1245bc157f832cce7b4e585ae8390188339eef",
    "https://esm.sh/v135/@arktype/schema@0.1.18/denonext/internal/roots/intersection.js": "c8998b10a69154359679ac8a5d859fa3831f0bf60ed1ddf7d2ac72693ca15fdf",
    "https://esm.sh/v135/@arktype/schema@0.1.18/denonext/internal/roots/morph.js": "1e689af3af5d5e079e6690f96739ab7231574c04172c72495c27765a3e5fddfe",
    "https://esm.sh/v135/@arktype/schema@0.1.18/denonext/internal/roots/proto.js": "f55a555f309e53c02d235945ea7e34191bbcd85891a45e3382c972c11ad63c80",
    "https://esm.sh/v135/@arktype/schema@0.1.18/denonext/internal/roots/root.js": "fc277d38d046ccaeb83aacf9235ac9d6e641e9524cb9fd92ea41705c0dabafcb",
    "https://esm.sh/v135/@arktype/schema@0.1.18/denonext/internal/roots/union.js": "ef29d85f102721fbe2e063dac4f3d80a3c04dabc33591e63ce11f8b0f00234e7",
    "https://esm.sh/v135/@arktype/schema@0.1.18/denonext/internal/roots/unit.js": "dd4a1a05370e7af1c1b56b901a2be9dc0a9681793e9410ef69f54c090822e008",
    "https://esm.sh/v135/@arktype/schema@0.1.18/denonext/internal/roots/utils.js": "229ce8db76d5a7540a3579e1bfd2ae780a70199a26e0e3559f8b8fed2fd911d4",
    "https://esm.sh/v135/@arktype/schema@0.1.18/denonext/internal/scope.js": "782fc41e437eeeba75ca2e3dc87492a2c84f763bbc59f6947a4c0d4c0d06cf81",
    "https://esm.sh/v135/@arktype/schema@0.1.18/denonext/internal/shared/compile.js": "d35787fd3ec810ad03c8e312a8cb646673ef39cddc1cc2a075ae0ed3312855d3",
    "https://esm.sh/v135/@arktype/schema@0.1.18/denonext/internal/shared/declare.js": "d93913d098fa0ab5f85c68474e1c0f5fe789744184a629568f73e639d30145b5",
    "https://esm.sh/v135/@arktype/schema@0.1.18/denonext/internal/shared/disjoint.js": "1fa27c66f360951b0e195f3c83152886b24b41351de1a3d4f80744de826d0ba0",
    "https://esm.sh/v135/@arktype/schema@0.1.18/denonext/internal/shared/errors.js": "254d5dd865d0689ee12d6e81bf60aab26655ba72a3d1952fde5611556c1dfc7b",
    "https://esm.sh/v135/@arktype/schema@0.1.18/denonext/internal/shared/implement.js": "d64bb9f8e059cdefd4b9300c7b0f119099446073dc1fa68c0b0140633669dbaf",
    "https://esm.sh/v135/@arktype/schema@0.1.18/denonext/internal/shared/intersections.js": "ba94bb3620a11528415322abf75d34856bebc80f96715ad1ca832a90b33307a5",
    "https://esm.sh/v135/@arktype/schema@0.1.18/denonext/internal/shared/traversal.js": "b6bb9e58a2671c398e4567f14f762c937db44c36bf78ddb73935f2221ba1d4f6",
    "https://esm.sh/v135/@arktype/schema@0.1.18/denonext/internal/shared/utils.js": "53ccd13c7a2c46a1a0aab6e18fdbc990a39ac23f6e5b20b1d5d98c3a099ed21d",
    "https://esm.sh/v135/@arktype/schema@0.1.18/denonext/internal/structure/indexed.js": "77ef5d0f7fbacec3935f741fa80963ee77254fb1ca89f2e9f4098479cc017835",
    "https://esm.sh/v135/@arktype/schema@0.1.18/denonext/internal/structure/optional.js": "242f9532616abf77eefe82d54bed5d3d9a54f3db86d6c210dfd70010669330fd",
    "https://esm.sh/v135/@arktype/schema@0.1.18/denonext/internal/structure/prop.js": "74e8031effda882f6cfe3f69604b3f9a5910562cf2607199e0d4302189e8a501",
    "https://esm.sh/v135/@arktype/schema@0.1.18/denonext/internal/structure/required.js": "829b039e124893dc5ce02933052b6953b1ce97262d69f83a20c3aa58bb382446",
    "https://esm.sh/v135/@arktype/schema@0.1.18/denonext/internal/structure/sequence.js": "019aa4d4051fdbc2fd71431cf6ac2e9e6f03b711b8fb4706e7ead89f9ee6e57e",
    "https://esm.sh/v135/@arktype/schema@0.1.18/denonext/internal/structure/shared.js": "60ed3d086d151185aca6d9cb8063bb6d7eb484702a60389b62c00c8aca0af875",
    "https://esm.sh/v135/@arktype/schema@0.1.18/denonext/internal/structure/structure.js": "5061f1645efa1b115beb7505e42e2c807b402c74d007966371c1cbdcaea6df94",
    "https://esm.sh/v135/@arktype/schema@0.1.18/denonext/schema.mjs": "7b475c549c656822a840462f6ae868632ea8570a744c5b2963532a2f758bc6b7",
    "https://esm.sh/v135/@arktype/util@0.0.51/denonext/internal/arrays.js": "d16150e2ca5afce25d4950a04f2d71b17a7a6c848e763b14a63c223b268f4ce0",
    "https://esm.sh/v135/@arktype/util@0.0.51/denonext/internal/clone.js": "6f9e6e7df4055653a394ee603081a605e51f5cd68df6abe0aa4b43521a37aada",
    "https://esm.sh/v135/@arktype/util@0.0.51/denonext/internal/compilation.js": "b69a5f5b1645e6e713a5814a3ff095651b51354642a82827a9aff90133acc801",
    "https://esm.sh/v135/@arktype/util@0.0.51/denonext/internal/describe.js": "dc428bc9d7916469d304d11ee004215c79b42c2ad836de73517d66b90c5b767f",
    "https://esm.sh/v135/@arktype/util@0.0.51/denonext/internal/domain.js": "cb02ef2565ddbdf4695cdfb0933728c07939064bd08a45ac251eab2c0c333711",
    "https://esm.sh/v135/@arktype/util@0.0.51/denonext/internal/errors.js": "c5163b833901768e2561c9189fcac15228414e93829d23d29ace2d5534b92318",
    "https://esm.sh/v135/@arktype/util@0.0.51/denonext/internal/flatMorph.js": "7d19d2adcce36b60c4a545ddd380b2ccd801954d0deb7d66ad3c88f69204184e",
    "https://esm.sh/v135/@arktype/util@0.0.51/denonext/internal/functions.js": "6f4719ce8126765b6033d0bf69ae1dc51ae69f903569ea0605315d03c8738126",
    "https://esm.sh/v135/@arktype/util@0.0.51/denonext/internal/generics.js": "5079e45028ba58db7ca77d258ad7be672054649a8000ebb443b3c759caf0f6c9",
    "https://esm.sh/v135/@arktype/util@0.0.51/denonext/internal/hkt.js": "7e37f789549730f6e616a858babd17b793fc161a8b1aea59ba7fe656765ab0ed",
    "https://esm.sh/v135/@arktype/util@0.0.51/denonext/internal/intersections.js": "ffbee28bb46506c25376e445a6efb6018ae1de2600a905c21ad3eea6762162f6",
    "https://esm.sh/v135/@arktype/util@0.0.51/denonext/internal/lazily.js": "73898bafaa67113dcaa7e6d1215cc8e85318d2eba04afd129ee89ef761cfd036",
    "https://esm.sh/v135/@arktype/util@0.0.51/denonext/internal/numericLiterals.js": "38f7a74c20eb320ec55b07107da702a1ee4c01437f932eba25c91a3f53712f84",
    "https://esm.sh/v135/@arktype/util@0.0.51/denonext/internal/objectKinds.js": "dd631810f185050ead60e209d39e3cfff966f54bf20f428f11f6374b49f25b48",
    "https://esm.sh/v135/@arktype/util@0.0.51/denonext/internal/primitive.js": "a5f12152e09fb06a66c002ff9b684e813fb4cfae567c23646e2b7c6e4afd5554",
    "https://esm.sh/v135/@arktype/util@0.0.51/denonext/internal/records.js": "6a6b32ad6679c2bae76e7d4707eef5783df960047ecacac224cf557204418b19",
    "https://esm.sh/v135/@arktype/util@0.0.51/denonext/internal/registry.js": "ec5daa1d31323c2315d338343a8131fcaa4c53779d6c81c1cf6401558de6b452",
    "https://esm.sh/v135/@arktype/util@0.0.51/denonext/internal/serialize.js": "cc464e2a1d936fa177e71b051a132afd5660104f8b1c0a1b13e1739ea031b4f3",
    "https://esm.sh/v135/@arktype/util@0.0.51/denonext/internal/strings.js": "cc547d47ee3020cc8c39022da9ff0aa5ec2a9481fb36ba740c6821a658cb32f0",
    "https://esm.sh/v135/@arktype/util@0.0.51/denonext/internal/traits.js": "e2150ee7e9163701c4222b26faa478e6f8fceedc6512c31aa4d6bd6c62428f44",
    "https://esm.sh/v135/@arktype/util@0.0.51/denonext/internal/unionToTuple.js": "bd69b398bb7d23ba09b0cd62ede0cf4e09a75d1c12daa3ff7724b2bede97a277",
    "https://esm.sh/v135/@arktype/util@0.0.51/denonext/util.mjs": "f8f3c8f9d2bd0f1d39ca47940304fd60c0b4d1341fd925000e1bc627c24e71ad",
    "https://esm.sh/v135/@trpc/client@10.38.0/denonext/client.mjs": "96e09f8df4add2018cae73e9341edfbc5def5ca2d286a09a208622474532c548",
    "https://esm.sh/v135/@trpc/client@10.38.0/denonext/links/httpLink.js": "c862ef43b9e664aaaa7ec772ae8ef943af8f06e944796f0342df916783d55a22",
    "https://esm.sh/v135/@trpc/client@10.38.0/denonext/links/loggerLink.js": "04035819898836f7f7a3d86bef2a6e449040ac7663c8d887af08ca02e0c9b9e1",
    "https://esm.sh/v135/@trpc/client@10.38.0/denonext/links/wsLink.js": "25d3871bd86d1b228421f138a811d8c32cf29ed66c3c98195fb36740aa1faed8",
    "https://esm.sh/v135/@trpc/server@10.38.0/denonext/adapters/fetch.js": "6c554b5cae6a9330ecbb349219f1e9eb73f0dac94304de64ca9785bc76e19a5f",
    "https://esm.sh/v135/@trpc/server@10.38.0/denonext/observable.js": "a1659a25c694200cc4636951940c3f2bf4f542a231a4cc8d1c3093f29e929d4c",
    "https://esm.sh/v135/@trpc/server@10.38.0/denonext/server.mjs": "cf02cbaa66eaa5ae5cc94dfaddb15afc95c9c12a5a4f1fca676dab068a30b841",
    "https://esm.sh/v135/@trpc/server@10.38.0/denonext/shared.js": "e4df964fd51b7e0d30b8785e4b2070d9740041d753079a002f487307ed513ce0",
    "https://esm.sh/v135/arktype@2.0.0-dev.26/denonext/arktype.mjs": "51dcbe516b759e1146e68cb6e54b4f5b273765b0bb0c1b6ffc1f7999b0d748bd",
    "https://esm.sh/v135/arktype@2.0.0-dev.26/denonext/internal/ark.js": "c62011bb00ed47b83536c001dedc19546679721108a478202c78c73061c397a6",
    "https://esm.sh/v135/arktype@2.0.0-dev.26/denonext/internal/generic.js": "a6d48415707005cb7aa81699f894503da32e29594a13c684151c9febde04a169",
    "https://esm.sh/v135/arktype@2.0.0-dev.26/denonext/internal/match.js": "7b6fde481ded5820a25208183b832c94c594343b311329b3fd7de5331bcde821",
    "https://esm.sh/v135/arktype@2.0.0-dev.26/denonext/internal/module.js": "22008838b89c9e60861ea3e3fc90544201ee1760e42965ed7c66a1beb1bf939d",
    "https://esm.sh/v135/arktype@2.0.0-dev.26/denonext/internal/parser/definition.js": "ba04f487f017a09635362d75fc10b318248567e9be9a62de020e92846322e937",
    "https://esm.sh/v135/arktype@2.0.0-dev.26/denonext/internal/parser/generic.js": "db429b1fc1d469fe660e10a95aa3c65bfe1c25d1580b1bb37ebef2e7a0639697",
    "https://esm.sh/v135/arktype@2.0.0-dev.26/denonext/internal/parser/objectLiteral.js": "6a35800de27202ba90b24a0ed71f7fda62e6f34c90fc020962fbdda5a4f7997a",
    "https://esm.sh/v135/arktype@2.0.0-dev.26/denonext/internal/parser/semantic/default.js": "4c283db37e39b45bf3462b8f48d00d405e70a28236aba236f97c8b18d6badd67",
    "https://esm.sh/v135/arktype@2.0.0-dev.26/denonext/internal/parser/semantic/validate.js": "75626c26e40c37fd1d1ff3409147646c6105db57426b32a104bedb7532748838",
    "https://esm.sh/v135/arktype@2.0.0-dev.26/denonext/internal/parser/string/reduce/dynamic.js": "076f9ac4173e5373ad0d72809ee464378d23aa0c2f5d115992af24a28a260fca",
    "https://esm.sh/v135/arktype@2.0.0-dev.26/denonext/internal/parser/string/reduce/shared.js": "3b59a534e2cf1afacedeecb75cf8e4abc17e89db42a5cbe0fe53dbcb73c48116",
    "https://esm.sh/v135/arktype@2.0.0-dev.26/denonext/internal/parser/string/shift/operand/date.js": "b6a110e78c60a0852808cee2fde67c1f3a25902e0d0ee528bd4bf61d04a4e169",
    "https://esm.sh/v135/arktype@2.0.0-dev.26/denonext/internal/parser/string/shift/operand/enclosed.js": "5e00f82ca655d75280eb5aa8c800b0986011aa6b1a9f99a61edcb93b8de75ad2",
    "https://esm.sh/v135/arktype@2.0.0-dev.26/denonext/internal/parser/string/shift/operand/genericArgs.js": "181477090c70460d27b06e398dee3db100e5a5874a7f556f9378760bd2c487a0",
    "https://esm.sh/v135/arktype@2.0.0-dev.26/denonext/internal/parser/string/shift/operand/operand.js": "1fc1a1f4e89414a02f829fdc2227f6c414822415bf9c8c60e878c3fc5031f406",
    "https://esm.sh/v135/arktype@2.0.0-dev.26/denonext/internal/parser/string/shift/operand/unenclosed.js": "6932e45ff7fc153aada090a1b86d717386ed3e473ac7dbebb8e3fe16aded0dae",
    "https://esm.sh/v135/arktype@2.0.0-dev.26/denonext/internal/parser/string/shift/operator/bounds.js": "af15f0fe6bda38855b8a92ed79a6fb6cc2b276e4a6a6dd50b8ad5d1d9f2ce807",
    "https://esm.sh/v135/arktype@2.0.0-dev.26/denonext/internal/parser/string/shift/operator/default.js": "ca81cd632759deba2c4f3719a84ed25c1f4d2b690834a1e3aa919ceca4b14d3a",
    "https://esm.sh/v135/arktype@2.0.0-dev.26/denonext/internal/parser/string/shift/operator/divisor.js": "4355c3e3a8d00d0aaec47edbebac0c1e4e33e84dfe32c61a26ccb582dc88dc2f",
    "https://esm.sh/v135/arktype@2.0.0-dev.26/denonext/internal/parser/string/shift/operator/operator.js": "cfde9d595f3c4d8586ed5296bd185eecbf5d8d7ae51dfafd968498ba916c800c",
    "https://esm.sh/v135/arktype@2.0.0-dev.26/denonext/internal/parser/string/shift/scanner.js": "e184e5b22e983a32e69dcb115f460efaad03a2eb0cdc7d2e09caa5f887c0dbaf",
    "https://esm.sh/v135/arktype@2.0.0-dev.26/denonext/internal/parser/string/string.js": "134aa073df862ca49fd0e5111f89b3aeb6634f012d90604456d2f1a52527d0ee",
    "https://esm.sh/v135/arktype@2.0.0-dev.26/denonext/internal/parser/tuple.js": "9befb4f6f09d67267b345cad76c310b514620e290c7a8c6decd327de4cd13fc1",
    "https://esm.sh/v135/arktype@2.0.0-dev.26/denonext/internal/scope.js": "71abe0da92554f14155080129e5ac668faba008ab2e8b8d271bc561fa2502bbd",
    "https://esm.sh/v135/arktype@2.0.0-dev.26/denonext/internal/type.js": "b829db78f4a6894f905607442cc1b83e926f548817946675a085eaf3aab5133a",
    "https://esm.sh/v135/zod@3.21.4/denonext/zod.mjs": "3e104633fb5d127189f1a38f52f5620a21ec8988d639b5adcf5a65be1cbbcc62",
    "https://esm.sh/zod@3.21.4": "dc4f42ed520b2e45b3463eaf7952c26b20cb315921c826c67eb55d9ec1898a08"
  }
}
